# THIS IS AN AUTOGENERATED FILE. DO NOT EDIT THIS FILE DIRECTLY.
# yarn lockfile v1


"@msgpackr-extract/msgpackr-extract-darwin-arm64@2.1.2":
  version "2.1.2"
  resolved "https://registry.yarnpkg.com/@msgpackr-extract/msgpackr-extract-darwin-arm64/-/msgpackr-extract-darwin-arm64-2.1.2.tgz#9571b87be3a3f2c46de05585470bc4f3af2f6f00"
  integrity sha512-TyVLn3S/+ikMDsh0gbKv2YydKClN8HaJDDpONlaZR+LVJmsxLFUgA+O7zu59h9+f9gX1aj/ahw9wqa6rosmrYQ==

"@msgpackr-extract/msgpackr-extract-darwin-x64@2.1.2":
  version "2.1.2"
  resolved "https://registry.yarnpkg.com/@msgpackr-extract/msgpackr-extract-darwin-x64/-/msgpackr-extract-darwin-x64-2.1.2.tgz#bfbc6936ede2955218f5621a675679a5fe8e6f4c"
  integrity sha512-YPXtcVkhmVNoMGlqp81ZHW4dMxK09msWgnxtsDpSiZwTzUBG2N+No2bsr7WMtBKCVJMSD6mbAl7YhKUqkp/Few==

"@msgpackr-extract/msgpackr-extract-linux-arm64@2.1.2":
  version "2.1.2"
  resolved "https://registry.yarnpkg.com/@msgpackr-extract/msgpackr-extract-linux-arm64/-/msgpackr-extract-linux-arm64-2.1.2.tgz#22555e28382af2922e7450634c8a2f240bb9eb82"
  integrity sha512-vHZ2JiOWF2+DN9lzltGbhtQNzDo8fKFGrf37UJrgqxU0yvtERrzUugnfnX1wmVfFhSsF8OxrfqiNOUc5hko1Zg==

"@msgpackr-extract/msgpackr-extract-linux-arm@2.1.2":
  version "2.1.2"
  resolved "https://registry.yarnpkg.com/@msgpackr-extract/msgpackr-extract-linux-arm/-/msgpackr-extract-linux-arm-2.1.2.tgz#ffb6ae1beea7ac572b6be6bf2a8e8162ebdd8be7"
  integrity sha512-42R4MAFeIeNn+L98qwxAt360bwzX2Kf0ZQkBBucJ2Ircza3asoY4CDbgiu9VWklq8gWJVSJSJBwDI+c/THiWkA==

"@msgpackr-extract/msgpackr-extract-linux-x64@2.1.2":
  version "2.1.2"
  resolved "https://registry.yarnpkg.com/@msgpackr-extract/msgpackr-extract-linux-x64/-/msgpackr-extract-linux-x64-2.1.2.tgz#7caf62eebbfb1345de40f75e89666b3d4194755f"
  integrity sha512-RjRoRxg7Q3kPAdUSC5EUUPlwfMkIVhmaRTIe+cqHbKrGZ4M6TyCA/b5qMaukQ/1CHWrqYY2FbKOAU8Hg0pQFzg==

"@msgpackr-extract/msgpackr-extract-win32-x64@2.1.2":
  version "2.1.2"
  resolved "https://registry.yarnpkg.com/@msgpackr-extract/msgpackr-extract-win32-x64/-/msgpackr-extract-win32-x64-2.1.2.tgz#f2d8b9ddd8d191205ed26ce54aba3dfc5ae3e7c9"
  integrity sha512-rIZVR48zA8hGkHIK7ED6+ZiXsjRCcAVBJbm8o89OKAMTmEAQ2QvoOxoiu3w2isAaWwzgtQIOFIqHwvZDyLKCvw==

msgpackr-extract@^2.1.2:
  version "2.1.2"
  resolved "https://registry.yarnpkg.com/msgpackr-extract/-/msgpackr-extract-2.1.2.tgz#56272030f3e163e1b51964ef8b1cd5e7240c03ed"
  integrity sha512-cmrmERQFb19NX2JABOGtrKdHMyI6RUyceaPBQ2iRz9GnDkjBWFjNJC0jyyoOfZl2U/LZE3tQCCQc4dlRyA8mcA==
  dependencies:
    node-gyp-build-optional-packages "5.0.3"
  optionalDependencies:
    "@msgpackr-extract/msgpackr-extract-darwin-arm64" "2.1.2"
    "@msgpackr-extract/msgpackr-extract-darwin-x64" "2.1.2"
    "@msgpackr-extract/msgpackr-extract-linux-arm" "2.1.2"
    "@msgpackr-extract/msgpackr-extract-linux-arm64" "2.1.2"
    "@msgpackr-extract/msgpackr-extract-linux-x64" "2.1.2"
    "@msgpackr-extract/msgpackr-extract-win32-x64" "2.1.2"

msgpackr@^1.7.2:
  version "1.7.2"
  resolved "https://registry.yarnpkg.com/msgpackr/-/msgpackr-1.7.2.tgz#68d6debf5999d6b61abb6e7046a689991ebf7261"
  integrity sha512-mWScyHTtG6TjivXX9vfIy2nBtRupaiAj0HQ2mtmpmYujAmqZmaaEVPaSZ1NKLMvicaMLFzEaMk0ManxMRg8rMQ==
  optionalDependencies:
    msgpackr-extract "^2.1.2"

node-gyp-build-optional-packages@5.0.3:
  version "5.0.3"
  resolved "https://registry.yarnpkg.com/node-gyp-build-optional-packages/-/node-gyp-build-optional-packages-5.0.3.tgz#92a89d400352c44ad3975010368072b41ad66c17"
  integrity sha512-k75jcVzk5wnnc/FMxsf4udAoTEUv2jY3ycfdSd3yWu6Cnd1oee6/CfZJApyscA4FJOmdoixWwiwOyf16RzD5JA==
